
Microsoft Visual Studio Solution File, Format Version 12.00
# Visual Studio Version 17
VisualStudioVersion = 17.10.35013.160
MinimumVisualStudioVersion = 10.0.40219.1
Project("{8BC9CEB8-8B4A-11D0-8D11-00A0C91BC942}") = "practice-project-c", "practice-project-c\practice-project-c.vcxproj", "{198982FA-EBE8-4AD9-9A8E-E45AE43C8C5A}"
EndProject
Global
	GlobalSection(SolutionConfigurationPlatforms) = preSolution
		Debug|x64 = Debug|x64
		Debug|x86 = Debug|x86
		Release|x64 = Release|x64
		Release|x86 = Release|x86
	EndGlobalSection
	GlobalSection(ProjectConfigurationPlatforms) = postSolution
		{198982FA-EBE8-4AD9-9A8E-E45AE43C8C5A}.Debug|x64.ActiveCfg = Debug|x64
		{198982FA-EBE8-4AD9-9A8E-E45AE43C8C5A}.Debug|x64.Build.0 = Debug|x64
		{198982FA-EBE8-4AD9-9A8E-E45AE43C8C5A}.Debug|x86.ActiveCfg = Debug|Win32
		{198982FA-EBE8-4AD9-9A8E-E45AE43C8C5A}.Debug|x86.Build.0 = Debug|Win32
		{198982FA-EBE8-4AD9-9A8E-E45AE43C8C5A}.Release|x64.ActiveCfg = Release|x64
		{198982FA-EBE8-4AD9-9A8E-E45AE43C8C5A}.Release|x64.Build.0 = Release|x64
		{198982FA-EBE8-4AD9-9A8E-E45AE43C8C5A}.Release|x86.ActiveCfg = Release|Win32
		{198982FA-EBE8-4AD9-9A8E-E45AE43C8C5A}.Release|x86.Build.0 = Release|Win32
	EndGlobalSection
	GlobalSection(SolutionProperties) = preSolution
		HideSolutionNode = FALSE
	EndGlobalSection
	GlobalSection(ExtensibilityGlobals) = postSolution
		SolutionGuid = {755C0332-2A8D-49B5-BC18-E53345087247}
	EndGlobalSection
EndGlobal
